// !$*UTF8*$!
{
	archiveVersion = 1;
	classes = {
	};
	objectVersion = 56;
	objects = {

/* Begin PBXBuildFile section */
		D57DE7242C0C5A2800CB1BDE /* TikTokSwiftUIApp.swift in Sources */ = {isa = PBXBuildFile; fileRef = D57DE7232C0C5A2800CB1BDE /* TikTokSwiftUIApp.swift */; };
		D57DE7262C0C5A2800CB1BDE /* ContentView.swift in Sources */ = {isa = PBXBuildFile; fileRef = D57DE7252C0C5A2800CB1BDE /* ContentView.swift */; };
		D57DE7282C0C5A2D00CB1BDE /* Assets.xcassets in Resources */ = {isa = PBXBuildFile; fileRef = D57DE7272C0C5A2D00CB1BDE /* Assets.xcassets */; };
		D57DE72B2C0C5A2D00CB1BDE /* Preview Assets.xcassets in Resources */ = {isa = PBXBuildFile; fileRef = D57DE72A2C0C5A2D00CB1BDE /* Preview Assets.xcassets */; };
		D57DE7442C0C5BA000CB1BDE /* MainTabView.swift in Sources */ = {isa = PBXBuildFile; fileRef = D57DE7432C0C5BA000CB1BDE /* MainTabView.swift */; };
		D57DE7482C0C60BC00CB1BDE /* Color + Extension.swift in Sources */ = {isa = PBXBuildFile; fileRef = D57DE7472C0C60BC00CB1BDE /* Color + Extension.swift */; };
		D57DE74C2C0C6F7200CB1BDE /* FeedView.swift in Sources */ = {isa = PBXBuildFile; fileRef = D57DE74B2C0C6F7200CB1BDE /* FeedView.swift */; };
		D57DE74E2C0C73FE00CB1BDE /* FeedCell.swift in Sources */ = {isa = PBXBuildFile; fileRef = D57DE74D2C0C73FE00CB1BDE /* FeedCell.swift */; };
		D57DE7502C0C7D3700CB1BDE /* ExplorView.swift in Sources */ = {isa = PBXBuildFile; fileRef = D57DE74F2C0C7D3700CB1BDE /* ExplorView.swift */; };
		D57DE7522C0C7D4800CB1BDE /* UserCell.swift in Sources */ = {isa = PBXBuildFile; fileRef = D57DE7512C0C7D4800CB1BDE /* UserCell.swift */; };
		D57DE7542C0C7F8D00CB1BDE /* NotificationsView.swift in Sources */ = {isa = PBXBuildFile; fileRef = D57DE7532C0C7F8D00CB1BDE /* NotificationsView.swift */; };
		D57DE7562C0C7F9800CB1BDE /* NotificationsCell.swift in Sources */ = {isa = PBXBuildFile; fileRef = D57DE7552C0C7F9800CB1BDE /* NotificationsCell.swift */; };
		D57DE7582C0C83AA00CB1BDE /* CurrentUserView.swift in Sources */ = {isa = PBXBuildFile; fileRef = D57DE7572C0C83AA00CB1BDE /* CurrentUserView.swift */; };
		D57DE75A2C0C840900CB1BDE /* ProfileHeaderView.swift in Sources */ = {isa = PBXBuildFile; fileRef = D57DE7592C0C840800CB1BDE /* ProfileHeaderView.swift */; };
		D57DE75D2C0C883D00CB1BDE /* UserStatView.swift in Sources */ = {isa = PBXBuildFile; fileRef = D57DE75C2C0C883D00CB1BDE /* UserStatView.swift */; };
		D57DE75F2C0C8B5900CB1BDE /* PostGridView.swift in Sources */ = {isa = PBXBuildFile; fileRef = D57DE75E2C0C8B5900CB1BDE /* PostGridView.swift */; };
		D57DE7612C0C90B000CB1BDE /* Post.swift in Sources */ = {isa = PBXBuildFile; fileRef = D57DE7602C0C90B000CB1BDE /* Post.swift */; };
		D57DE7662C0C911700CB1BDE /* FeedViewModel.swift in Sources */ = {isa = PBXBuildFile; fileRef = D57DE7652C0C911700CB1BDE /* FeedViewModel.swift */; };
		D57DE7682C0C99D200CB1BDE /* CustomVideoPlayer.swift in Sources */ = {isa = PBXBuildFile; fileRef = D57DE7672C0C99D100CB1BDE /* CustomVideoPlayer.swift */; };
		D57DE76A2C0C9B1F00CB1BDE /* ActionButton.swift in Sources */ = {isa = PBXBuildFile; fileRef = D57DE7692C0C9B1F00CB1BDE /* ActionButton.swift */; };
		D57DE7712C0CB89500CB1BDE /* LoginView.swift in Sources */ = {isa = PBXBuildFile; fileRef = D57DE7702C0CB89500CB1BDE /* LoginView.swift */; };
		D57DE7732C0CB8A300CB1BDE /* SignUpView.swift in Sources */ = {isa = PBXBuildFile; fileRef = D57DE7722C0CB8A300CB1BDE /* SignUpView.swift */; };
		D57DE7752C0CB8B800CB1BDE /* ForgotPasswordView.swift in Sources */ = {isa = PBXBuildFile; fileRef = D57DE7742C0CB8B800CB1BDE /* ForgotPasswordView.swift */; };
		D57DE7772C0CB8D900CB1BDE /* StanderdTextFieldModifier.swift in Sources */ = {isa = PBXBuildFile; fileRef = D57DE7762C0CB8D900CB1BDE /* StanderdTextFieldModifier.swift */; };
		D57DE7792C0CC60C00CB1BDE /* AuthenticationFormProtocol.swift in Sources */ = {isa = PBXBuildFile; fileRef = D57DE7782C0CC60C00CB1BDE /* AuthenticationFormProtocol.swift */; };
		D57DE77E2C0CCE3500CB1BDE /* FirebaseAuth in Frameworks */ = {isa = PBXBuildFile; productRef = D57DE77D2C0CCE3500CB1BDE /* FirebaseAuth */; };
		D57DE7802C0CCE3500CB1BDE /* FirebaseFirestore in Frameworks */ = {isa = PBXBuildFile; productRef = D57DE77F2C0CCE3500CB1BDE /* FirebaseFirestore */; };
		D57DE7822C0CCE3500CB1BDE /* FirebaseFirestoreSwift in Frameworks */ = {isa = PBXBuildFile; productRef = D57DE7812C0CCE3500CB1BDE /* FirebaseFirestoreSwift */; };
		D57DE7842C0CCE3500CB1BDE /* FirebaseStorage in Frameworks */ = {isa = PBXBuildFile; productRef = D57DE7832C0CCE3500CB1BDE /* FirebaseStorage */; };
		D57DE7862C0CD01B00CB1BDE /* GoogleService-Info.plist in Resources */ = {isa = PBXBuildFile; fileRef = D57DE7852C0CD01B00CB1BDE /* GoogleService-Info.plist */; };
/* End PBXBuildFile section */

/* Begin PBXFileReference section */
		D57DE7202C0C5A2800CB1BDE /* TikTokSwiftUI.app */ = {isa = PBXFileReference; explicitFileType = wrapper.application; includeInIndex = 0; path = TikTokSwiftUI.app; sourceTree = BUILT_PRODUCTS_DIR; };
		D57DE7232C0C5A2800CB1BDE /* TikTokSwiftUIApp.swift */ = {isa = PBXFileReference; lastKnownFileType = sourcecode.swift; path = TikTokSwiftUIApp.swift; sourceTree = "<group>"; };
		D57DE7252C0C5A2800CB1BDE /* ContentView.swift */ = {isa = PBXFileReference; lastKnownFileType = sourcecode.swift; path = ContentView.swift; sourceTree = "<group>"; };
		D57DE7272C0C5A2D00CB1BDE /* Assets.xcassets */ = {isa = PBXFileReference; lastKnownFileType = folder.assetcatalog; path = Assets.xcassets; sourceTree = "<group>"; };
		D57DE72A2C0C5A2D00CB1BDE /* Preview Assets.xcassets */ = {isa = PBXFileReference; lastKnownFileType = folder.assetcatalog; path = "Preview Assets.xcassets"; sourceTree = "<group>"; };
		D57DE7432C0C5BA000CB1BDE /* MainTabView.swift */ = {isa = PBXFileReference; lastKnownFileType = sourcecode.swift; path = MainTabView.swift; sourceTree = "<group>"; };
		D57DE7472C0C60BC00CB1BDE /* Color + Extension.swift */ = {isa = PBXFileReference; lastKnownFileType = sourcecode.swift; path = "Color + Extension.swift"; sourceTree = "<group>"; };
		D57DE74B2C0C6F7200CB1BDE /* FeedView.swift */ = {isa = PBXFileReference; lastKnownFileType = sourcecode.swift; path = FeedView.swift; sourceTree = "<group>"; };
		D57DE74D2C0C73FE00CB1BDE /* FeedCell.swift */ = {isa = PBXFileReference; lastKnownFileType = sourcecode.swift; path = FeedCell.swift; sourceTree = "<group>"; };
		D57DE74F2C0C7D3700CB1BDE /* ExplorView.swift */ = {isa = PBXFileReference; lastKnownFileType = sourcecode.swift; path = ExplorView.swift; sourceTree = "<group>"; };
		D57DE7512C0C7D4800CB1BDE /* UserCell.swift */ = {isa = PBXFileReference; lastKnownFileType = sourcecode.swift; path = UserCell.swift; sourceTree = "<group>"; };
		D57DE7532C0C7F8D00CB1BDE /* NotificationsView.swift */ = {isa = PBXFileReference; lastKnownFileType = sourcecode.swift; path = NotificationsView.swift; sourceTree = "<group>"; };
		D57DE7552C0C7F9800CB1BDE /* NotificationsCell.swift */ = {isa = PBXFileReference; lastKnownFileType = sourcecode.swift; path = NotificationsCell.swift; sourceTree = "<group>"; };
		D57DE7572C0C83AA00CB1BDE /* CurrentUserView.swift */ = {isa = PBXFileReference; lastKnownFileType = sourcecode.swift; path = CurrentUserView.swift; sourceTree = "<group>"; };
		D57DE7592C0C840800CB1BDE /* ProfileHeaderView.swift */ = {isa = PBXFileReference; lastKnownFileType = sourcecode.swift; path = ProfileHeaderView.swift; sourceTree = "<group>"; };
		D57DE75C2C0C883D00CB1BDE /* UserStatView.swift */ = {isa = PBXFileReference; lastKnownFileType = sourcecode.swift; path = UserStatView.swift; sourceTree = "<group>"; };
		D57DE75E2C0C8B5900CB1BDE /* PostGridView.swift */ = {isa = PBXFileReference; lastKnownFileType = sourcecode.swift; path = PostGridView.swift; sourceTree = "<group>"; };
		D57DE7602C0C90B000CB1BDE /* Post.swift */ = {isa = PBXFileReference; lastKnownFileType = sourcecode.swift; path = Post.swift; sourceTree = "<group>"; };
		D57DE7652C0C911700CB1BDE /* FeedViewModel.swift */ = {isa = PBXFileReference; lastKnownFileType = sourcecode.swift; path = FeedViewModel.swift; sourceTree = "<group>"; };
		D57DE7672C0C99D100CB1BDE /* CustomVideoPlayer.swift */ = {isa = PBXFileReference; lastKnownFileType = sourcecode.swift; path = CustomVideoPlayer.swift; sourceTree = "<group>"; };
		D57DE7692C0C9B1F00CB1BDE /* ActionButton.swift */ = {isa = PBXFileReference; lastKnownFileType = sourcecode.swift; path = ActionButton.swift; sourceTree = "<group>"; };
		D57DE7702C0CB89500CB1BDE /* LoginView.swift */ = {isa = PBXFileReference; lastKnownFileType = sourcecode.swift; path = LoginView.swift; sourceTree = "<group>"; };
		D57DE7722C0CB8A300CB1BDE /* SignUpView.swift */ = {isa = PBXFileReference; lastKnownFileType = sourcecode.swift; path = SignUpView.swift; sourceTree = "<group>"; };
		D57DE7742C0CB8B800CB1BDE /* ForgotPasswordView.swift */ = {isa = PBXFileReference; lastKnownFileType = sourcecode.swift; path = ForgotPasswordView.swift; sourceTree = "<group>"; };
		D57DE7762C0CB8D900CB1BDE /* StanderdTextFieldModifier.swift */ = {isa = PBXFileReference; lastKnownFileType = sourcecode.swift; path = StanderdTextFieldModifier.swift; sourceTree = "<group>"; };
		D57DE7782C0CC60C00CB1BDE /* AuthenticationFormProtocol.swift */ = {isa = PBXFileReference; lastKnownFileType = sourcecode.swift; path = AuthenticationFormProtocol.swift; sourceTree = "<group>"; };
		D57DE7852C0CD01B00CB1BDE /* GoogleService-Info.plist */ = {isa = PBXFileReference; fileEncoding = 4; lastKnownFileType = text.plist.xml; path = "GoogleService-Info.plist"; sourceTree = "<group>"; };
/* End PBXFileReference section */

/* Begin PBXFrameworksBuildPhase section */
		D57DE71D2C0C5A2800CB1BDE /* Frameworks */ = {
			isa = PBXFrameworksBuildPhase;
			buildActionMask = 2147483647;
			files = (
				D57DE77E2C0CCE3500CB1BDE /* FirebaseAuth in Frameworks */,
				D57DE7842C0CCE3500CB1BDE /* FirebaseStorage in Frameworks */,
				D57DE7802C0CCE3500CB1BDE /* FirebaseFirestore in Frameworks */,
				D57DE7822C0CCE3500CB1BDE /* FirebaseFirestoreSwift in Frameworks */,
			);
			runOnlyForDeploymentPostprocessing = 0;
		};
/* End PBXFrameworksBuildPhase section */

/* Begin PBXGroup section */
		D57DE7172C0C5A2800CB1BDE = {
			isa = PBXGroup;
			children = (
				D57DE7222C0C5A2800CB1BDE /* TikTokSwiftUI */,
				D57DE7212C0C5A2800CB1BDE /* Products */,
			);
			sourceTree = "<group>";
		};
		D57DE7212C0C5A2800CB1BDE /* Products */ = {
			isa = PBXGroup;
			children = (
				D57DE7202C0C5A2800CB1BDE /* TikTokSwiftUI.app */,
			);
			name = Products;
			sourceTree = "<group>";
		};
		D57DE7222C0C5A2800CB1BDE /* TikTokSwiftUI */ = {
			isa = PBXGroup;
			children = (
				D57DE7312C0C5A4B00CB1BDE /* App */,
				D57DE7362C0C5A6C00CB1BDE /* Core */,
				D57DE7352C0C5A6A00CB1BDE /* Extension */,
				D57DE7342C0C5A6800CB1BDE /* Models */,
				D57DE7332C0C5A6300CB1BDE /* Services */,
				D57DE7382C0C5AA600CB1BDE /* Utlils */,
				D57DE7272C0C5A2D00CB1BDE /* Assets.xcassets */,
				D57DE7852C0CD01B00CB1BDE /* GoogleService-Info.plist */,
				D57DE7292C0C5A2D00CB1BDE /* Preview Content */,
			);
			path = TikTokSwiftUI;
			sourceTree = "<group>";
		};
		D57DE7292C0C5A2D00CB1BDE /* Preview Content */ = {
			isa = PBXGroup;
			children = (
				D57DE72A2C0C5A2D00CB1BDE /* Preview Assets.xcassets */,
			);
			path = "Preview Content";
			sourceTree = "<group>";
		};
		D57DE7312C0C5A4B00CB1BDE /* App */ = {
			isa = PBXGroup;
			children = (
				D57DE7232C0C5A2800CB1BDE /* TikTokSwiftUIApp.swift */,
			);
			path = App;
			sourceTree = "<group>";
		};
		D57DE7332C0C5A6300CB1BDE /* Services */ = {
			isa = PBXGroup;
			children = (
			);
			path = Services;
			sourceTree = "<group>";
		};
		D57DE7342C0C5A6800CB1BDE /* Models */ = {
			isa = PBXGroup;
			children = (
				D57DE7602C0C90B000CB1BDE /* Post.swift */,
			);
			path = Models;
			sourceTree = "<group>";
		};
		D57DE7352C0C5A6A00CB1BDE /* Extension */ = {
			isa = PBXGroup;
			children = (
				D57DE7472C0C60BC00CB1BDE /* Color + Extension.swift */,
			);
			path = Extension;
			sourceTree = "<group>";
		};
		D57DE7362C0C5A6C00CB1BDE /* Core */ = {
			isa = PBXGroup;
			children = (
				D57DE7422C0C5AF300CB1BDE /* Authentications */,
				D57DE7412C0C5AF100CB1BDE /* Comments */,
				D57DE7402C0C5AF000CB1BDE /* Components */,
				D57DE73F2C0C5AEE00CB1BDE /* Feed */,
				D57DE73E2C0C5AED00CB1BDE /* Notifications */,
				D57DE73D2C0C5AEC00CB1BDE /* Profile */,
				D57DE73C2C0C5AEA00CB1BDE /* Root */,
				D57DE73B2C0C5AE900CB1BDE /* Search */,
				D57DE73A2C0C5AE700CB1BDE /* TabBar */,
				D57DE7392C0C5AE500CB1BDE /* UploadMedia */,
			);
			path = Core;
			sourceTree = "<group>";
		};
		D57DE7382C0C5AA600CB1BDE /* Utlils */ = {
			isa = PBXGroup;
			children = (
				D57DE7762C0CB8D900CB1BDE /* StanderdTextFieldModifier.swift */,
			);
			path = Utlils;
			sourceTree = "<group>";
		};
		D57DE7392C0C5AE500CB1BDE /* UploadMedia */ = {
			isa = PBXGroup;
			children = (
			);
			path = UploadMedia;
			sourceTree = "<group>";
		};
		D57DE73A2C0C5AE700CB1BDE /* TabBar */ = {
			isa = PBXGroup;
			children = (
				D57DE7432C0C5BA000CB1BDE /* MainTabView.swift */,
			);
			path = TabBar;
			sourceTree = "<group>";
		};
		D57DE73B2C0C5AE900CB1BDE /* Search */ = {
			isa = PBXGroup;
			children = (
				D57DE74F2C0C7D3700CB1BDE /* ExplorView.swift */,
				D57DE7512C0C7D4800CB1BDE /* UserCell.swift */,
			);
			path = Search;
			sourceTree = "<group>";
		};
		D57DE73C2C0C5AEA00CB1BDE /* Root */ = {
			isa = PBXGroup;
			children = (
				D57DE7252C0C5A2800CB1BDE /* ContentView.swift */,
			);
			path = Root;
			sourceTree = "<group>";
		};
		D57DE73D2C0C5AEC00CB1BDE /* Profile */ = {
			isa = PBXGroup;
			children = (
				D57DE75B2C0C882A00CB1BDE /* Components */,
				D57DE7572C0C83AA00CB1BDE /* CurrentUserView.swift */,
			);
			path = Profile;
			sourceTree = "<group>";
		};
		D57DE73E2C0C5AED00CB1BDE /* Notifications */ = {
			isa = PBXGroup;
			children = (
				D57DE7532C0C7F8D00CB1BDE /* NotificationsView.swift */,
				D57DE7552C0C7F9800CB1BDE /* NotificationsCell.swift */,
			);
			path = Notifications;
			sourceTree = "<group>";
		};
		D57DE73F2C0C5AEE00CB1BDE /* Feed */ = {
			isa = PBXGroup;
			children = (
				D57DE7632C0C90F300CB1BDE /* Service */,
				D57DE7622C0C90EA00CB1BDE /* ViewModel */,
				D57DE7642C0C910400CB1BDE /* View */,
			);
			path = Feed;
			sourceTree = "<group>";
		};
		D57DE7402C0C5AF000CB1BDE /* Components */ = {
			isa = PBXGroup;
			children = (
				D57DE7672C0C99D100CB1BDE /* CustomVideoPlayer.swift */,
			);
			path = Components;
			sourceTree = "<group>";
		};
		D57DE7412C0C5AF100CB1BDE /* Comments */ = {
			isa = PBXGroup;
			children = (
			);
			path = Comments;
			sourceTree = "<group>";
		};
		D57DE7422C0C5AF300CB1BDE /* Authentications */ = {
			isa = PBXGroup;
			children = (
				D57DE76F2C0CB84600CB1BDE /* Model */,
				D57DE76E2C0CB84400CB1BDE /* Protocol */,
				D57DE76D2C0CB84300CB1BDE /* Services */,
				D57DE76C2C0CB84200CB1BDE /* ViewModel */,
				D57DE76B2C0CB83F00CB1BDE /* View */,
			);
			path = Authentications;
			sourceTree = "<group>";
		};
		D57DE75B2C0C882A00CB1BDE /* Components */ = {
			isa = PBXGroup;
			children = (
				D57DE7592C0C840800CB1BDE /* ProfileHeaderView.swift */,
				D57DE75C2C0C883D00CB1BDE /* UserStatView.swift */,
				D57DE75E2C0C8B5900CB1BDE /* PostGridView.swift */,
			);
			path = Components;
			sourceTree = "<group>";
		};
		D57DE7622C0C90EA00CB1BDE /* ViewModel */ = {
			isa = PBXGroup;
			children = (
				D57DE7652C0C911700CB1BDE /* FeedViewModel.swift */,
			);
			path = ViewModel;
			sourceTree = "<group>";
		};
		D57DE7632C0C90F300CB1BDE /* Service */ = {
			isa = PBXGroup;
			children = (
			);
			path = Service;
			sourceTree = "<group>";
		};
		D57DE7642C0C910400CB1BDE /* View */ = {
			isa = PBXGroup;
			children = (
				D57DE74B2C0C6F7200CB1BDE /* FeedView.swift */,
				D57DE74D2C0C73FE00CB1BDE /* FeedCell.swift */,
				D57DE7692C0C9B1F00CB1BDE /* ActionButton.swift */,
			);
			path = View;
			sourceTree = "<group>";
		};
		D57DE76B2C0CB83F00CB1BDE /* View */ = {
			isa = PBXGroup;
			children = (
				D57DE7702C0CB89500CB1BDE /* LoginView.swift */,
				D57DE7722C0CB8A300CB1BDE /* SignUpView.swift */,
				D57DE7742C0CB8B800CB1BDE /* ForgotPasswordView.swift */,
			);
			path = View;
			sourceTree = "<group>";
		};
		D57DE76C2C0CB84200CB1BDE /* ViewModel */ = {
			isa = PBXGroup;
			children = (
			);
			path = ViewModel;
			sourceTree = "<group>";
		};
		D57DE76D2C0CB84300CB1BDE /* Services */ = {
			isa = PBXGroup;
			children = (
			);
			path = Services;
			sourceTree = "<group>";
		};
		D57DE76E2C0CB84400CB1BDE /* Protocol */ = {
			isa = PBXGroup;
			children = (
				D57DE7782C0CC60C00CB1BDE /* AuthenticationFormProtocol.swift */,
			);
			path = Protocol;
			sourceTree = "<group>";
		};
		D57DE76F2C0CB84600CB1BDE /* Model */ = {
			isa = PBXGroup;
			children = (
			);
			path = Model;
			sourceTree = "<group>";
		};
/* End PBXGroup section */

/* Begin PBXNativeTarget section */
		D57DE71F2C0C5A2800CB1BDE /* TikTokSwiftUI */ = {
			isa = PBXNativeTarget;
			buildConfigurationList = D57DE72E2C0C5A2D00CB1BDE /* Build configuration list for PBXNativeTarget "TikTokSwiftUI" */;
			buildPhases = (
				D57DE71C2C0C5A2800CB1BDE /* Sources */,
				D57DE71D2C0C5A2800CB1BDE /* Frameworks */,
				D57DE71E2C0C5A2800CB1BDE /* Resources */,
			);
			buildRules = (
			);
			dependencies = (
			);
			name = TikTokSwiftUI;
			packageProductDependencies = (
				D57DE77D2C0CCE3500CB1BDE /* FirebaseAuth */,
				D57DE77F2C0CCE3500CB1BDE /* FirebaseFirestore */,
				D57DE7812C0CCE3500CB1BDE /* FirebaseFirestoreSwift */,
				D57DE7832C0CCE3500CB1BDE /* FirebaseStorage */,
			);
			productName = TikTokSwiftUI;
			productReference = D57DE7202C0C5A2800CB1BDE /* TikTokSwiftUI.app */;
			productType = "com.apple.product-type.application";
		};
/* End PBXNativeTarget section */

/* Begin PBXProject section */
		D57DE7182C0C5A2800CB1BDE /* Project object */ = {
			isa = PBXProject;
			attributes = {
				BuildIndependentTargetsInParallel = 1;
				LastSwiftUpdateCheck = 1530;
				LastUpgradeCheck = 1530;
				TargetAttributes = {
					D57DE71F2C0C5A2800CB1BDE = {
						CreatedOnToolsVersion = 15.3;
					};
				};
			};
			buildConfigurationList = D57DE71B2C0C5A2800CB1BDE /* Build configuration list for PBXProject "TikTokSwiftUI" */;
			compatibilityVersion = "Xcode 14.0";
			developmentRegion = en;
			hasScannedForEncodings = 0;
			knownRegions = (
				en,
				Base,
			);
			mainGroup = D57DE7172C0C5A2800CB1BDE;
			packageReferences = (
				D57DE77C2C0CCE3400CB1BDE /* XCRemoteSwiftPackageReference "firebase-ios-sdk" */,
			);
			productRefGroup = D57DE7212C0C5A2800CB1BDE /* Products */;
			projectDirPath = "";
			projectRoot = "";
			targets = (
				D57DE71F2C0C5A2800CB1BDE /* TikTokSwiftUI */,
			);
		};
/* End PBXProject section */

/* Begin PBXResourcesBuildPhase section */
		D57DE71E2C0C5A2800CB1BDE /* Resources */ = {
			isa = PBXResourcesBuildPhase;
			buildActionMask = 2147483647;
			files = (
				D57DE72B2C0C5A2D00CB1BDE /* Preview Assets.xcassets in Resources */,
				D57DE7282C0C5A2D00CB1BDE /* Assets.xcassets in Resources */,
				D57DE7862C0CD01B00CB1BDE /* GoogleService-Info.plist in Resources */,
			);
			runOnlyForDeploymentPostprocessing = 0;
		};
/* End PBXResourcesBuildPhase section */

/* Begin PBXSourcesBuildPhase section */
		D57DE71C2C0C5A2800CB1BDE /* Sources */ = {
			isa = PBXSourcesBuildPhase;
			buildActionMask = 2147483647;
			files = (
				D57DE7502C0C7D3700CB1BDE /* ExplorView.swift in Sources */,
				D57DE7752C0CB8B800CB1BDE /* ForgotPasswordView.swift in Sources */,
				D57DE7662C0C911700CB1BDE /* FeedViewModel.swift in Sources */,
				D57DE7792C0CC60C00CB1BDE /* AuthenticationFormProtocol.swift in Sources */,
				D57DE7542C0C7F8D00CB1BDE /* NotificationsView.swift in Sources */,
				D57DE74E2C0C73FE00CB1BDE /* FeedCell.swift in Sources */,
				D57DE75D2C0C883D00CB1BDE /* UserStatView.swift in Sources */,
				D57DE76A2C0C9B1F00CB1BDE /* ActionButton.swift in Sources */,
				D57DE7262C0C5A2800CB1BDE /* ContentView.swift in Sources */,
				D57DE7242C0C5A2800CB1BDE /* TikTokSwiftUIApp.swift in Sources */,
				D57DE74C2C0C6F7200CB1BDE /* FeedView.swift in Sources */,
				D57DE75A2C0C840900CB1BDE /* ProfileHeaderView.swift in Sources */,
				D57DE75F2C0C8B5900CB1BDE /* PostGridView.swift in Sources */,
				D57DE7522C0C7D4800CB1BDE /* UserCell.swift in Sources */,
				D57DE7772C0CB8D900CB1BDE /* StanderdTextFieldModifier.swift in Sources */,
				D57DE7482C0C60BC00CB1BDE /* Color + Extension.swift in Sources */,
				D57DE7612C0C90B000CB1BDE /* Post.swift in Sources */,
				D57DE7442C0C5BA000CB1BDE /* MainTabView.swift in Sources */,
				D57DE7582C0C83AA00CB1BDE /* CurrentUserView.swift in Sources */,
				D57DE7732C0CB8A300CB1BDE /* SignUpView.swift in Sources */,
				D57DE7712C0CB89500CB1BDE /* LoginView.swift in Sources */,
				D57DE7682C0C99D200CB1BDE /* CustomVideoPlayer.swift in Sources */,
				D57DE7562C0C7F9800CB1BDE /* NotificationsCell.swift in Sources */,
			);
			runOnlyForDeploymentPostprocessing = 0;
		};
/* End PBXSourcesBuildPhase section */

/* Begin XCBuildConfiguration section */
		D57DE72C2C0C5A2D00CB1BDE /* Debug */ = {
			isa = XCBuildConfiguration;
			buildSettings = {
				ALWAYS_SEARCH_USER_PATHS = NO;
				ASSETCATALOG_COMPILER_GENERATE_SWIFT_ASSET_SYMBOL_EXTENSIONS = YES;
				CLANG_ANALYZER_NONNULL = YES;
				CLANG_ANALYZER_NUMBER_OBJECT_CONVERSION = YES_AGGRESSIVE;
				CLANG_CXX_LANGUAGE_STANDARD = "gnu++20";
				CLANG_ENABLE_MODULES = YES;
				CLANG_ENABLE_OBJC_ARC = YES;
				CLANG_ENABLE_OBJC_WEAK = YES;
				CLANG_WARN_BLOCK_CAPTURE_AUTORELEASING = YES;
				CLANG_WARN_BOOL_CONVERSION = YES;
				CLANG_WARN_COMMA = YES;
				CLANG_WARN_CONSTANT_CONVERSION = YES;
				CLANG_WARN_DEPRECATED_OBJC_IMPLEMENTATIONS = YES;
				CLANG_WARN_DIRECT_OBJC_ISA_USAGE = YES_ERROR;
				CLANG_WARN_DOCUMENTATION_COMMENTS = YES;
				CLANG_WARN_EMPTY_BODY = YES;
				CLANG_WARN_ENUM_CONVERSION = YES;
				CLANG_WARN_INFINITE_RECURSION = YES;
				CLANG_WARN_INT_CONVERSION = YES;
				CLANG_WARN_NON_LITERAL_NULL_CONVERSION = YES;
				CLANG_WARN_OBJC_IMPLICIT_RETAIN_SELF = YES;
				CLANG_WARN_OBJC_LITERAL_CONVERSION = YES;
				CLANG_WARN_OBJC_ROOT_CLASS = YES_ERROR;
				CLANG_WARN_QUOTED_INCLUDE_IN_FRAMEWORK_HEADER = YES;
				CLANG_WARN_RANGE_LOOP_ANALYSIS = YES;
				CLANG_WARN_STRICT_PROTOTYPES = YES;
				CLANG_WARN_SUSPICIOUS_MOVE = YES;
				CLANG_WARN_UNGUARDED_AVAILABILITY = YES_AGGRESSIVE;
				CLANG_WARN_UNREACHABLE_CODE = YES;
				CLANG_WARN__DUPLICATE_METHOD_MATCH = YES;
				COPY_PHASE_STRIP = NO;
				DEBUG_INFORMATION_FORMAT = dwarf;
				ENABLE_STRICT_OBJC_MSGSEND = YES;
				ENABLE_TESTABILITY = YES;
				ENABLE_USER_SCRIPT_SANDBOXING = YES;
				GCC_C_LANGUAGE_STANDARD = gnu17;
				GCC_DYNAMIC_NO_PIC = NO;
				GCC_NO_COMMON_BLOCKS = YES;
				GCC_OPTIMIZATION_LEVEL = 0;
				GCC_PREPROCESSOR_DEFINITIONS = (
					"DEBUG=1",
					"$(inherited)",
				);
				GCC_WARN_64_TO_32_BIT_CONVERSION = YES;
				GCC_WARN_ABOUT_RETURN_TYPE = YES_ERROR;
				GCC_WARN_UNDECLARED_SELECTOR = YES;
				GCC_WARN_UNINITIALIZED_AUTOS = YES_AGGRESSIVE;
				GCC_WARN_UNUSED_FUNCTION = YES;
				GCC_WARN_UNUSED_VARIABLE = YES;
				IPHONEOS_DEPLOYMENT_TARGET = 17.4;
				LOCALIZATION_PREFERS_STRING_CATALOGS = YES;
				MTL_ENABLE_DEBUG_INFO = INCLUDE_SOURCE;
				MTL_FAST_MATH = YES;
				ONLY_ACTIVE_ARCH = YES;
				SDKROOT = iphoneos;
				SWIFT_ACTIVE_COMPILATION_CONDITIONS = "DEBUG $(inherited)";
				SWIFT_OPTIMIZATION_LEVEL = "-Onone";
			};
			name = Debug;
		};
		D57DE72D2C0C5A2D00CB1BDE /* Release */ = {
			isa = XCBuildConfiguration;
			buildSettings = {
				ALWAYS_SEARCH_USER_PATHS = NO;
				ASSETCATALOG_COMPILER_GENERATE_SWIFT_ASSET_SYMBOL_EXTENSIONS = YES;
				CLANG_ANALYZER_NONNULL = YES;
				CLANG_ANALYZER_NUMBER_OBJECT_CONVERSION = YES_AGGRESSIVE;
				CLANG_CXX_LANGUAGE_STANDARD = "gnu++20";
				CLANG_ENABLE_MODULES = YES;
				CLANG_ENABLE_OBJC_ARC = YES;
				CLANG_ENABLE_OBJC_WEAK = YES;
				CLANG_WARN_BLOCK_CAPTURE_AUTORELEASING = YES;
				CLANG_WARN_BOOL_CONVERSION = YES;
				CLANG_WARN_COMMA = YES;
				CLANG_WARN_CONSTANT_CONVERSION = YES;
				CLANG_WARN_DEPRECATED_OBJC_IMPLEMENTATIONS = YES;
				CLANG_WARN_DIRECT_OBJC_ISA_USAGE = YES_ERROR;
				CLANG_WARN_DOCUMENTATION_COMMENTS = YES;
				CLANG_WARN_EMPTY_BODY = YES;
				CLANG_WARN_ENUM_CONVERSION = YES;
				CLANG_WARN_INFINITE_RECURSION = YES;
				CLANG_WARN_INT_CONVERSION = YES;
				CLANG_WARN_NON_LITERAL_NULL_CONVERSION = YES;
				CLANG_WARN_OBJC_IMPLICIT_RETAIN_SELF = YES;
				CLANG_WARN_OBJC_LITERAL_CONVERSION = YES;
				CLANG_WARN_OBJC_ROOT_CLASS = YES_ERROR;
				CLANG_WARN_QUOTED_INCLUDE_IN_FRAMEWORK_HEADER = YES;
				CLANG_WARN_RANGE_LOOP_ANALYSIS = YES;
				CLANG_WARN_STRICT_PROTOTYPES = YES;
				CLANG_WARN_SUSPICIOUS_MOVE = YES;
				CLANG_WARN_UNGUARDED_AVAILABILITY = YES_AGGRESSIVE;
				CLANG_WARN_UNREACHABLE_CODE = YES;
				CLANG_WARN__DUPLICATE_METHOD_MATCH = YES;
				COPY_PHASE_STRIP = NO;
				DEBUG_INFORMATION_FORMAT = "dwarf-with-dsym";
				ENABLE_NS_ASSERTIONS = NO;
				ENABLE_STRICT_OBJC_MSGSEND = YES;
				ENABLE_USER_SCRIPT_SANDBOXING = YES;
				GCC_C_LANGUAGE_STANDARD = gnu17;
				GCC_NO_COMMON_BLOCKS = YES;
				GCC_WARN_64_TO_32_BIT_CONVERSION = YES;
				GCC_WARN_ABOUT_RETURN_TYPE = YES_ERROR;
				GCC_WARN_UNDECLARED_SELECTOR = YES;
				GCC_WARN_UNINITIALIZED_AUTOS = YES_AGGRESSIVE;
				GCC_WARN_UNUSED_FUNCTION = YES;
				GCC_WARN_UNUSED_VARIABLE = YES;
				IPHONEOS_DEPLOYMENT_TARGET = 17.4;
				LOCALIZATION_PREFERS_STRING_CATALOGS = YES;
				MTL_ENABLE_DEBUG_INFO = NO;
				MTL_FAST_MATH = YES;
				SDKROOT = iphoneos;
				SWIFT_COMPILATION_MODE = wholemodule;
				VALIDATE_PRODUCT = YES;
			};
			name = Release;
		};
		D57DE72F2C0C5A2D00CB1BDE /* Debug */ = {
			isa = XCBuildConfiguration;
			buildSettings = {
				ASSETCATALOG_COMPILER_APPICON_NAME = AppIcon;
				ASSETCATALOG_COMPILER_GLOBAL_ACCENT_COLOR_NAME = AccentColor;
				CODE_SIGN_STYLE = Automatic;
				CURRENT_PROJECT_VERSION = 1;
				DEVELOPMENT_ASSET_PATHS = "\"TikTokSwiftUI/Preview Content\"";
				ENABLE_PREVIEWS = YES;
				GENERATE_INFOPLIST_FILE = YES;
				INFOPLIST_KEY_UIApplicationSceneManifest_Generation = YES;
				INFOPLIST_KEY_UIApplicationSupportsIndirectInputEvents = YES;
				INFOPLIST_KEY_UILaunchScreen_Generation = YES;
				INFOPLIST_KEY_UISupportedInterfaceOrientations_iPad = "UIInterfaceOrientationPortrait UIInterfaceOrientationPortraitUpsideDown UIInterfaceOrientationLandscapeLeft UIInterfaceOrientationLandscapeRight";
				INFOPLIST_KEY_UISupportedInterfaceOrientations_iPhone = "UIInterfaceOrientationPortrait UIInterfaceOrientationLandscapeLeft UIInterfaceOrientationLandscapeRight";
				LD_RUNPATH_SEARCH_PATHS = (
					"$(inherited)",
					"@executable_path/Frameworks",
				);
				MARKETING_VERSION = 1.0;
				PRODUCT_BUNDLE_IDENTIFIER = app.hardibsalih.TikTokSwiftUI;
				PRODUCT_NAME = "$(TARGET_NAME)";
				SWIFT_EMIT_LOC_STRINGS = YES;
				SWIFT_VERSION = 5.0;
				TARGETED_DEVICE_FAMILY = "1,2";
			};
			name = Debug;
		};
		D57DE7302C0C5A2D00CB1BDE /* Release */ = {
			isa = XCBuildConfiguration;
			buildSettings = {
				ASSETCATALOG_COMPILER_APPICON_NAME = AppIcon;
				ASSETCATALOG_COMPILER_GLOBAL_ACCENT_COLOR_NAME = AccentColor;
				CODE_SIGN_STYLE = Automatic;
				CURRENT_PROJECT_VERSION = 1;
				DEVELOPMENT_ASSET_PATHS = "\"TikTokSwiftUI/Preview Content\"";
				ENABLE_PREVIEWS = YES;
				GENERATE_INFOPLIST_FILE = YES;
				INFOPLIST_KEY_UIApplicationSceneManifest_Generation = YES;
				INFOPLIST_KEY_UIApplicationSupportsIndirectInputEvents = YES;
				INFOPLIST_KEY_UILaunchScreen_Generation = YES;
				INFOPLIST_KEY_UISupportedInterfaceOrientations_iPad = "UIInterfaceOrientationPortrait UIInterfaceOrientationPortraitUpsideDown UIInterfaceOrientationLandscapeLeft UIInterfaceOrientationLandscapeRight";
				INFOPLIST_KEY_UISupportedInterfaceOrientations_iPhone = "UIInterfaceOrientationPortrait UIInterfaceOrientationLandscapeLeft UIInterfaceOrientationLandscapeRight";
				LD_RUNPATH_SEARCH_PATHS = (
					"$(inherited)",
					"@executable_path/Frameworks",
				);
				MARKETING_VERSION = 1.0;
				PRODUCT_BUNDLE_IDENTIFIER = app.hardibsalih.TikTokSwiftUI;
				PRODUCT_NAME = "$(TARGET_NAME)";
				SWIFT_EMIT_LOC_STRINGS = YES;
				SWIFT_VERSION = 5.0;
				TARGETED_DEVICE_FAMILY = "1,2";
			};
			name = Release;
		};
/* End XCBuildConfiguration section */

/* Begin XCConfigurationList section */
		D57DE71B2C0C5A2800CB1BDE /* Build configuration list for PBXProject "TikTokSwiftUI" */ = {
			isa = XCConfigurationList;
			buildConfigurations = (
				D57DE72C2C0C5A2D00CB1BDE /* Debug */,
				D57DE72D2C0C5A2D00CB1BDE /* Release */,
			);
			defaultConfigurationIsVisible = 0;
			defaultConfigurationName = Release;
		};
		D57DE72E2C0C5A2D00CB1BDE /* Build configuration list for PBXNativeTarget "TikTokSwiftUI" */ = {
			isa = XCConfigurationList;
			buildConfigurations = (
				D57DE72F2C0C5A2D00CB1BDE /* Debug */,
				D57DE7302C0C5A2D00CB1BDE /* Release */,
			);
			defaultConfigurationIsVisible = 0;
			defaultConfigurationName = Release;
		};
/* End XCConfigurationList section */

/* Begin XCRemoteSwiftPackageReference section */
		D57DE77C2C0CCE3400CB1BDE /* XCRemoteSwiftPackageReference "firebase-ios-sdk" */ = {
			isa = XCRemoteSwiftPackageReference;
			repositoryURL = "https://github.com/firebase/firebase-ios-sdk";
			requirement = {
				kind = upToNextMajorVersion;
				minimumVersion = 10.27.0;
			};
		};
/* End XCRemoteSwiftPackageReference section */

/* Begin XCSwiftPackageProductDependency section */
		D57DE77D2C0CCE3500CB1BDE /* FirebaseAuth */ = {
			isa = XCSwiftPackageProductDependency;
			package = D57DE77C2C0CCE3400CB1BDE /* XCRemoteSwiftPackageReference "firebase-ios-sdk" */;
			productName = FirebaseAuth;
		};
		D57DE77F2C0CCE3500CB1BDE /* FirebaseFirestore */ = {
			isa = XCSwiftPackageProductDependency;
			package = D57DE77C2C0CCE3400CB1BDE /* XCRemoteSwiftPackageReference "firebase-ios-sdk" */;
			productName = FirebaseFirestore;
		};
		D57DE7812C0CCE3500CB1BDE /* FirebaseFirestoreSwift */ = {
			isa = XCSwiftPackageProductDependency;
			package = D57DE77C2C0CCE3400CB1BDE /* XCRemoteSwiftPackageReference "firebase-ios-sdk" */;
			productName = FirebaseFirestoreSwift;
		};
		D57DE7832C0CCE3500CB1BDE /* FirebaseStorage */ = {
			isa = XCSwiftPackageProductDependency;
			package = D57DE77C2C0CCE3400CB1BDE /* XCRemoteSwiftPackageReference "firebase-ios-sdk" */;
			productName = FirebaseStorage;
		};
/* End XCSwiftPackageProductDependency section */
	};
	rootObject = D57DE7182C0C5A2800CB1BDE /* Project object */;
}
